// !$*UTF8*$!
{
	archiveVersion = 1;
	classes = {
	};
	objectVersion = 46;
	objects = {

/* Begin PBXBuildFile section */
		540BD3D91CFDCDE200E0580A /* SafariServices.framework in Frameworks */ = {isa = PBXBuildFile; fileRef = 540BD3D81CFDCDE200E0580A /* SafariServices.framework */; };
		540BD3E01CFDCF1400E0580A /* CobaltPdfPlugin.m in Sources */ = {isa = PBXBuildFile; fileRef = 540BD3DD1CFDCF1400E0580A /* CobaltPdfPlugin.m */; };
		542538FD1CEF2AE500190AF9 /* AddressBook.framework in Frameworks */ = {isa = PBXBuildFile; fileRef = 542538FC1CEF2AE500190AF9 /* AddressBook.framework */; };
		542538FF1CEF3AB800190AF9 /* logo.png in Resources */ = {isa = PBXBuildFile; fileRef = 542538FE1CEF3AB800190AF9 /* logo.png */; };
		54EC75571CEF2910006E02DD /* CobaltSharePlugin.m in Sources */ = {isa = PBXBuildFile; fileRef = 54EC75541CEF2910006E02DD /* CobaltSharePlugin.m */; };
		6AAF550B1CD8DD0C005C3123 /* CobaltNetworkStatusPlugin.m in Sources */ = {isa = PBXBuildFile; fileRef = 6AAF55061CD8DD0C005C3123 /* CobaltNetworkStatusPlugin.m */; };
		6AAF550D1CD8DD0C005C3123 /* NetworkChangeReceiver.m in Sources */ = {isa = PBXBuildFile; fileRef = 6AAF55091CD8DD0C005C3123 /* NetworkChangeReceiver.m */; };
		6AAF55161CD8DD19005C3123 /* BatteryChangeReceiver.m in Sources */ = {isa = PBXBuildFile; fileRef = 6AAF55111CD8DD19005C3123 /* BatteryChangeReceiver.m */; };
		6AAF55171CD8DD19005C3123 /* CobaltBatteryStatusPlugin.m in Sources */ = {isa = PBXBuildFile; fileRef = 6AAF55131CD8DD19005C3123 /* CobaltBatteryStatusPlugin.m */; };
		6AAF551E1CD8DE04005C3123 /* SystemConfiguration.framework in Frameworks */ = {isa = PBXBuildFile; fileRef = 6AAF551D1CD8DE04005C3123 /* SystemConfiguration.framework */; };
		8E1070BF1987ED8800DED934 /* CustomizedPulltoRefreshViewController.m in Sources */ = {isa = PBXBuildFile; fileRef = 8E1070BE1987ED8800DED934 /* CustomizedPulltoRefreshViewController.m */; };
		8E751EA819EEB62400EDFF4D /* black_sun.png in Resources */ = {isa = PBXBuildFile; fileRef = 8E751E9919EEB62400EDFF4D /* black_sun.png */; };
		8E751EA919EEB62400EDFF4D /* black_sun@2x.png in Resources */ = {isa = PBXBuildFile; fileRef = 8E751E9A19EEB62400EDFF4D /* black_sun@2x.png */; };
		8E751EAA19EEB62400EDFF4D /* black_sun@3x.png in Resources */ = {isa = PBXBuildFile; fileRef = 8E751E9B19EEB62400EDFF4D /* black_sun@3x.png */; };
		8E751EAB19EEB62400EDFF4D /* cloudy.png in Resources */ = {isa = PBXBuildFile; fileRef = 8E751E9C19EEB62400EDFF4D /* cloudy.png */; };
		8E751EAC19EEB62400EDFF4D /* cloudy@2x.png in Resources */ = {isa = PBXBuildFile; fileRef = 8E751E9D19EEB62400EDFF4D /* cloudy@2x.png */; };
		8E751EAD19EEB62400EDFF4D /* cloudy@3x.png in Resources */ = {isa = PBXBuildFile; fileRef = 8E751E9E19EEB62400EDFF4D /* cloudy@3x.png */; };
		8E751EAE19EEB62400EDFF4D /* moon.png in Resources */ = {isa = PBXBuildFile; fileRef = 8E751E9F19EEB62400EDFF4D /* moon.png */; };
		8E751EAF19EEB62400EDFF4D /* moon@2x.png in Resources */ = {isa = PBXBuildFile; fileRef = 8E751EA019EEB62400EDFF4D /* moon@2x.png */; };
		8E751EB019EEB62400EDFF4D /* moon@3x.png in Resources */ = {isa = PBXBuildFile; fileRef = 8E751EA119EEB62400EDFF4D /* moon@3x.png */; };
		8E751EB119EEB62400EDFF4D /* sun.png in Resources */ = {isa = PBXBuildFile; fileRef = 8E751EA219EEB62400EDFF4D /* sun.png */; };
		8E751EB219EEB62400EDFF4D /* sun@2x.png in Resources */ = {isa = PBXBuildFile; fileRef = 8E751EA319EEB62400EDFF4D /* sun@2x.png */; };
		8E751EB319EEB62400EDFF4D /* sun@3x.png in Resources */ = {isa = PBXBuildFile; fileRef = 8E751EA419EEB62400EDFF4D /* sun@3x.png */; };
		8E751EB419EEB62400EDFF4D /* wind.png in Resources */ = {isa = PBXBuildFile; fileRef = 8E751EA519EEB62400EDFF4D /* wind.png */; };
		8E751EB519EEB62400EDFF4D /* wind@2x.png in Resources */ = {isa = PBXBuildFile; fileRef = 8E751EA619EEB62400EDFF4D /* wind@2x.png */; };
		8E751EB619EEB62400EDFF4D /* wind@3x.png in Resources */ = {isa = PBXBuildFile; fileRef = 8E751EA719EEB62400EDFF4D /* wind@3x.png */; };
		8EC5CAD71980FB00001777FA /* Images.xcassets in Resources */ = {isa = PBXBuildFile; fileRef = 8EC5CAD61980FB00001777FA /* Images.xcassets */; };
		9F6732FA2277070D00967031 /* Assets.xcassets in Resources */ = {isa = PBXBuildFile; fileRef = 9F6732F72277070D00967031 /* Assets.xcassets */; };
		9F9361A12270965C000A5582 /* MapStoryboard.strings in Resources */ = {isa = PBXBuildFile; fileRef = 9F93618E2270965C000A5582 /* MapStoryboard.strings */; };
		9F9361A22270965C000A5582 /* MapStoryboard.storyboard in Resources */ = {isa = PBXBuildFile; fileRef = 9F9361902270965C000A5582 /* MapStoryboard.storyboard */; };
		9F9361A32270965C000A5582 /* MapViewController.m in Sources */ = {isa = PBXBuildFile; fileRef = 9F9361942270965C000A5582 /* MapViewController.m */; };
		9F9361A42270965C000A5582 /* FormsUtils.m in Sources */ = {isa = PBXBuildFile; fileRef = 9F9361972270965C000A5582 /* FormsUtils.m */; };
		9F9361A52270965C000A5582 /* GeolocPickerPlugin.m in Sources */ = {isa = PBXBuildFile; fileRef = 9F9361982270965C000A5582 /* GeolocPickerPlugin.m */; };
		9F9361A72270965C000A5582 /* Localizable.strings in Resources */ = {isa = PBXBuildFile; fileRef = 9F93619C2270965C000A5582 /* Localizable.strings */; };
		9F9361AB227099EF000A5582 /* PlaceAnnotation.m in Sources */ = {isa = PBXBuildFile; fileRef = 9F9361A9227099EF000A5582 /* PlaceAnnotation.m */; };
		9FEC053B2270A4F100206CEC /* MapKit.framework in Frameworks */ = {isa = PBXBuildFile; fileRef = 9FEC05382270A4F100206CEC /* MapKit.framework */; };
		9FEC054B2270AF4300206CEC /* SignatureStoryboard.strings in Resources */ = {isa = PBXBuildFile; fileRef = 9FEC053E2270AF4300206CEC /* SignatureStoryboard.strings */; };
		9FEC054C2270AF4300206CEC /* SignatureStoryboard.storyboard in Resources */ = {isa = PBXBuildFile; fileRef = 9FEC05402270AF4300206CEC /* SignatureStoryboard.storyboard */; };
		9FEC054F2270AF4300206CEC /* SignaturePlugin.m in Sources */ = {isa = PBXBuildFile; fileRef = 9FEC05472270AF4300206CEC /* SignaturePlugin.m */; };
		9FEC05512270AF4300206CEC /* SignatureViewController.m in Sources */ = {isa = PBXBuildFile; fileRef = 9FEC054A2270AF4300206CEC /* SignatureViewController.m */; };
		9FEC05572270B35400206CEC /* Photos.framework in Frameworks */ = {isa = PBXBuildFile; fileRef = 9FEC05562270B35400206CEC /* Photos.framework */; };
		9FEC05612270B52D00206CEC /* NSString+MD5.m in Sources */ = {isa = PBXBuildFile; fileRef = 9FEC055D2270B52D00206CEC /* NSString+MD5.m */; };
		9FEC05622270B52D00206CEC /* AssetCachePlugin.m in Sources */ = {isa = PBXBuildFile; fileRef = 9FEC055E2270B52D00206CEC /* AssetCachePlugin.m */; };
		BE040DBF1DA685E70008A21E /* LocationListener.m in Sources */ = {isa = PBXBuildFile; fileRef = BE040DBE1DA685E70008A21E /* LocationListener.m */; };
		BE1ABCE21B70F98B0070657C /* CobaltLocationPlugin.m in Sources */ = {isa = PBXBuildFile; fileRef = BE1ABCE11B70F98B0070657C /* CobaltLocationPlugin.m */; };
		BE5D91501D6CA1E400E4B2C7 /* libCobalt.a in Frameworks */ = {isa = PBXBuildFile; fileRef = BE5D914B1D6CA18900E4B2C7 /* libCobalt.a */; };
		BE5D91511D6CA1F700E4B2C7 /* Cobalt.bundle in Resources */ = {isa = PBXBuildFile; fileRef = BE5D914D1D6CA18900E4B2C7 /* Cobalt.bundle */; };
		BE7BE5481CA05CB400AADDEB /* FontAwesome.m in Sources */ = {isa = PBXBuildFile; fileRef = BE7BE5441CA05CB400AADDEB /* FontAwesome.m */; };
		BE7BE5491CA05CB400AADDEB /* FontAwesome.ttf in Resources */ = {isa = PBXBuildFile; fileRef = BE7BE5451CA05CB400AADDEB /* FontAwesome.ttf */; };
		BE956EBC1C47F653002DBEE3 /* CoreGraphics.framework in Frameworks */ = {isa = PBXBuildFile; fileRef = BE956EBB1C47F653002DBEE3 /* CoreGraphics.framework */; };
		BE956EBE1C47F65F002DBEE3 /* JavaScriptCore.framework in Frameworks */ = {isa = PBXBuildFile; fileRef = BE956EBD1C47F65F002DBEE3 /* JavaScriptCore.framework */; };
		BEDD518D1BCE993300E204AC /* ActionPickerPlugin.m in Sources */ = {isa = PBXBuildFile; fileRef = BEDD518A1BCE993300E204AC /* ActionPickerPlugin.m */; };
		BEDD8DA81BAC282C00265616 /* CobaltAppInfosPlugin.m in Sources */ = {isa = PBXBuildFile; fileRef = BEDD8DA51BAC282C00265616 /* CobaltAppInfosPlugin.m */; };
		BEDE9EB41B7398C700EAEB94 /* UIKit.framework in Frameworks */ = {isa = PBXBuildFile; fileRef = BEDE9EB31B7398C700EAEB94 /* UIKit.framework */; };
		BEDE9EB61B7398DB00EAEB94 /* CoreLocation.framework in Frameworks */ = {isa = PBXBuildFile; fileRef = BEDE9EB51B7398DB00EAEB94 /* CoreLocation.framework */; };
		BEF814331CAD63FC004D512A /* LaunchScreen.storyboard in Resources */ = {isa = PBXBuildFile; fileRef = BEF814321CAD63FC004D512A /* LaunchScreen.storyboard */; };
		C49597581717090B006454BA /* CallbacksController.m in Sources */ = {isa = PBXBuildFile; fileRef = C49597561717090B006454BA /* CallbacksController.m */; };
		C49597591717090B006454BA /* CallbacksController.xib in Resources */ = {isa = PBXBuildFile; fileRef = C49597571717090B006454BA /* CallbacksController.xib */; };
		C4D664A2171E8D97009EDE58 /* EventsController.m in Sources */ = {isa = PBXBuildFile; fileRef = C4D664A0171E8D97009EDE58 /* EventsController.m */; };
		C4D664A3171E8D97009EDE58 /* EventsController.xib in Resources */ = {isa = PBXBuildFile; fileRef = C4D664A1171E8D97009EDE58 /* EventsController.xib */; };
		C4D664AA171E91D5009EDE58 /* DefaultController.m in Sources */ = {isa = PBXBuildFile; fileRef = C4D664A8171E91D5009EDE58 /* DefaultController.m */; };
		F01A5A161716EF4C0000DD94 /* InfoPlist.strings in Resources */ = {isa = PBXBuildFile; fileRef = F01A5A141716EF4C0000DD94 /* InfoPlist.strings */; };
		F01A5A181716EF4D0000DD94 /* main.m in Sources */ = {isa = PBXBuildFile; fileRef = F01A5A171716EF4D0000DD94 /* main.m */; };
		F01A5A1C1716EF4D0000DD94 /* AppDelegate.m in Sources */ = {isa = PBXBuildFile; fileRef = F01A5A1B1716EF4D0000DD94 /* AppDelegate.m */; };
		F035D4F52266313B008BD0D7 /* www in Resources */ = {isa = PBXBuildFile; fileRef = F035D4F42266313B008BD0D7 /* www */; };
		F08152C022706A2100F338D8 /* Snackbar.m in Sources */ = {isa = PBXBuildFile; fileRef = F08152BB22706A2100F338D8 /* Snackbar.m */; };
		F08152C122706A2100F338D8 /* CobaltSnackbarPlugin.m in Sources */ = {isa = PBXBuildFile; fileRef = F08152BC22706A2100F338D8 /* CobaltSnackbarPlugin.m */; };
/* End PBXBuildFile section */

/* Begin PBXContainerItemProxy section */
		BE5D914A1D6CA18900E4B2C7 /* PBXContainerItemProxy */ = {
			isa = PBXContainerItemProxy;
			containerPortal = BE5D91441D6CA18900E4B2C7 /* Cobalt.xcodeproj */;
			proxyType = 2;
			remoteGlobalIDString = BE31EB1B1C3EC52100141B6E;
			remoteInfo = Cobalt;
		};
		BE5D914C1D6CA18900E4B2C7 /* PBXContainerItemProxy */ = {
			isa = PBXContainerItemProxy;
			containerPortal = BE5D91441D6CA18900E4B2C7 /* Cobalt.xcodeproj */;
			proxyType = 2;
			remoteGlobalIDString = BEFF884A1C4541FD0063AA18;
			remoteInfo = CobaltResources;
		};
		BE5D914E1D6CA1D600E4B2C7 /* PBXContainerItemProxy */ = {
			isa = PBXContainerItemProxy;
			containerPortal = BE5D91441D6CA18900E4B2C7 /* Cobalt.xcodeproj */;
			proxyType = 1;
			remoteGlobalIDString = BEFF882F1C3ED3BC0063AA18;
			remoteInfo = Framework;
		};
/* End PBXContainerItemProxy section */

/* Begin PBXCopyFilesBuildPhase section */
		BEDE9EB21B7397FC00EAEB94 /* Embed Frameworks */ = {
			isa = PBXCopyFilesBuildPhase;
			buildActionMask = 2147483647;
			dstPath = "";
			dstSubfolderSpec = 10;
			files = (
			);
			name = "Embed Frameworks";
			runOnlyForDeploymentPostprocessing = 0;
		};
/* End PBXCopyFilesBuildPhase section */

/* Begin PBXFileReference section */
		540BD3D81CFDCDE200E0580A /* SafariServices.framework */ = {isa = PBXFileReference; lastKnownFileType = wrapper.framework; name = SafariServices.framework; path = System/Library/Frameworks/SafariServices.framework; sourceTree = SDKROOT; };
		540BD3DB1CFDCF1400E0580A /* .gitignore */ = {isa = PBXFileReference; fileEncoding = 4; lastKnownFileType = text; path = .gitignore; sourceTree = "<group>"; };
		540BD3DC1CFDCF1400E0580A /* CobaltPdfPlugin.h */ = {isa = PBXFileReference; fileEncoding = 4; lastKnownFileType = sourcecode.c.h; path = CobaltPdfPlugin.h; sourceTree = "<group>"; };
		540BD3DD1CFDCF1400E0580A /* CobaltPdfPlugin.m */ = {isa = PBXFileReference; fileEncoding = 4; lastKnownFileType = sourcecode.c.objc; path = CobaltPdfPlugin.m; sourceTree = "<group>"; };
		540BD3DE1CFDCF1400E0580A /* LICENSE */ = {isa = PBXFileReference; fileEncoding = 4; lastKnownFileType = text; path = LICENSE; sourceTree = "<group>"; };
		542538FC1CEF2AE500190AF9 /* AddressBook.framework */ = {isa = PBXFileReference; lastKnownFileType = wrapper.framework; name = AddressBook.framework; path = System/Library/Frameworks/AddressBook.framework; sourceTree = SDKROOT; };
		542538FE1CEF3AB800190AF9 /* logo.png */ = {isa = PBXFileReference; lastKnownFileType = image.png; path = logo.png; sourceTree = "<group>"; };
		54EC75521CEF2910006E02DD /* .gitignore */ = {isa = PBXFileReference; fileEncoding = 4; lastKnownFileType = text; path = .gitignore; sourceTree = "<group>"; };
		54EC75531CEF2910006E02DD /* CobaltSharePlugin.h */ = {isa = PBXFileReference; fileEncoding = 4; lastKnownFileType = sourcecode.c.h; path = CobaltSharePlugin.h; sourceTree = "<group>"; };
		54EC75541CEF2910006E02DD /* CobaltSharePlugin.m */ = {isa = PBXFileReference; fileEncoding = 4; lastKnownFileType = sourcecode.c.objc; path = CobaltSharePlugin.m; sourceTree = "<group>"; };
		54EC75551CEF2910006E02DD /* LICENSE */ = {isa = PBXFileReference; fileEncoding = 4; lastKnownFileType = text; path = LICENSE; sourceTree = "<group>"; };
		6AAF55041CD8DD0C005C3123 /* .gitignore */ = {isa = PBXFileReference; fileEncoding = 4; lastKnownFileType = text; path = .gitignore; sourceTree = "<group>"; };
		6AAF55051CD8DD0C005C3123 /* CobaltNetworkStatusPlugin.h */ = {isa = PBXFileReference; fileEncoding = 4; lastKnownFileType = sourcecode.c.h; path = CobaltNetworkStatusPlugin.h; sourceTree = "<group>"; };
		6AAF55061CD8DD0C005C3123 /* CobaltNetworkStatusPlugin.m */ = {isa = PBXFileReference; fileEncoding = 4; lastKnownFileType = sourcecode.c.objc; path = CobaltNetworkStatusPlugin.m; sourceTree = "<group>"; };
		6AAF55071CD8DD0C005C3123 /* LICENSE */ = {isa = PBXFileReference; fileEncoding = 4; lastKnownFileType = text; path = LICENSE; sourceTree = "<group>"; };
		6AAF55081CD8DD0C005C3123 /* NetworkChangeReceiver.h */ = {isa = PBXFileReference; fileEncoding = 4; lastKnownFileType = sourcecode.c.h; path = NetworkChangeReceiver.h; sourceTree = "<group>"; };
		6AAF55091CD8DD0C005C3123 /* NetworkChangeReceiver.m */ = {isa = PBXFileReference; fileEncoding = 4; lastKnownFileType = sourcecode.c.objc; path = NetworkChangeReceiver.m; sourceTree = "<group>"; };
		6AAF550F1CD8DD19005C3123 /* .gitignore */ = {isa = PBXFileReference; fileEncoding = 4; lastKnownFileType = text; path = .gitignore; sourceTree = "<group>"; };
		6AAF55101CD8DD19005C3123 /* BatteryChangeReceiver.h */ = {isa = PBXFileReference; fileEncoding = 4; lastKnownFileType = sourcecode.c.h; path = BatteryChangeReceiver.h; sourceTree = "<group>"; };
		6AAF55111CD8DD19005C3123 /* BatteryChangeReceiver.m */ = {isa = PBXFileReference; fileEncoding = 4; lastKnownFileType = sourcecode.c.objc; path = BatteryChangeReceiver.m; sourceTree = "<group>"; };
		6AAF55121CD8DD19005C3123 /* CobaltBatteryStatusPlugin.h */ = {isa = PBXFileReference; fileEncoding = 4; lastKnownFileType = sourcecode.c.h; path = CobaltBatteryStatusPlugin.h; sourceTree = "<group>"; };
		6AAF55131CD8DD19005C3123 /* CobaltBatteryStatusPlugin.m */ = {isa = PBXFileReference; fileEncoding = 4; lastKnownFileType = sourcecode.c.objc; path = CobaltBatteryStatusPlugin.m; sourceTree = "<group>"; };
		6AAF55141CD8DD19005C3123 /* LICENSE */ = {isa = PBXFileReference; fileEncoding = 4; lastKnownFileType = text; path = LICENSE; sourceTree = "<group>"; };
		6AAF551D1CD8DE04005C3123 /* SystemConfiguration.framework */ = {isa = PBXFileReference; lastKnownFileType = wrapper.framework; name = SystemConfiguration.framework; path = System/Library/Frameworks/SystemConfiguration.framework; sourceTree = SDKROOT; };
		8E1070BD1987ED8800DED934 /* CustomizedPulltoRefreshViewController.h */ = {isa = PBXFileReference; fileEncoding = 4; lastKnownFileType = sourcecode.c.h; path = CustomizedPulltoRefreshViewController.h; sourceTree = "<group>"; };
		8E1070BE1987ED8800DED934 /* CustomizedPulltoRefreshViewController.m */ = {isa = PBXFileReference; fileEncoding = 4; lastKnownFileType = sourcecode.c.objc; path = CustomizedPulltoRefreshViewController.m; sourceTree = "<group>"; };
		8E751E9919EEB62400EDFF4D /* black_sun.png */ = {isa = PBXFileReference; lastKnownFileType = image.png; path = black_sun.png; sourceTree = "<group>"; };
		8E751E9A19EEB62400EDFF4D /* black_sun@2x.png */ = {isa = PBXFileReference; lastKnownFileType = image.png; path = "black_sun@2x.png"; sourceTree = "<group>"; };
		8E751E9B19EEB62400EDFF4D /* black_sun@3x.png */ = {isa = PBXFileReference; lastKnownFileType = image.png; path = "black_sun@3x.png"; sourceTree = "<group>"; };
		8E751E9C19EEB62400EDFF4D /* cloudy.png */ = {isa = PBXFileReference; lastKnownFileType = image.png; path = cloudy.png; sourceTree = "<group>"; };
		8E751E9D19EEB62400EDFF4D /* cloudy@2x.png */ = {isa = PBXFileReference; lastKnownFileType = image.png; path = "cloudy@2x.png"; sourceTree = "<group>"; };
		8E751E9E19EEB62400EDFF4D /* cloudy@3x.png */ = {isa = PBXFileReference; lastKnownFileType = image.png; path = "cloudy@3x.png"; sourceTree = "<group>"; };
		8E751E9F19EEB62400EDFF4D /* moon.png */ = {isa = PBXFileReference; lastKnownFileType = image.png; path = moon.png; sourceTree = "<group>"; };
		8E751EA019EEB62400EDFF4D /* moon@2x.png */ = {isa = PBXFileReference; lastKnownFileType = image.png; path = "moon@2x.png"; sourceTree = "<group>"; };
		8E751EA119EEB62400EDFF4D /* moon@3x.png */ = {isa = PBXFileReference; lastKnownFileType = image.png; path = "moon@3x.png"; sourceTree = "<group>"; };
		8E751EA219EEB62400EDFF4D /* sun.png */ = {isa = PBXFileReference; lastKnownFileType = image.png; path = sun.png; sourceTree = "<group>"; };
		8E751EA319EEB62400EDFF4D /* sun@2x.png */ = {isa = PBXFileReference; lastKnownFileType = image.png; path = "sun@2x.png"; sourceTree = "<group>"; };
		8E751EA419EEB62400EDFF4D /* sun@3x.png */ = {isa = PBXFileReference; lastKnownFileType = image.png; path = "sun@3x.png"; sourceTree = "<group>"; };
		8E751EA519EEB62400EDFF4D /* wind.png */ = {isa = PBXFileReference; lastKnownFileType = image.png; path = wind.png; sourceTree = "<group>"; };
		8E751EA619EEB62400EDFF4D /* wind@2x.png */ = {isa = PBXFileReference; lastKnownFileType = image.png; path = "wind@2x.png"; sourceTree = "<group>"; };
		8E751EA719EEB62400EDFF4D /* wind@3x.png */ = {isa = PBXFileReference; lastKnownFileType = image.png; path = "wind@3x.png"; sourceTree = "<group>"; };
		8EC5CAD61980FB00001777FA /* Images.xcassets */ = {isa = PBXFileReference; lastKnownFileType = folder.assetcatalog; path = Images.xcassets; sourceTree = "<group>"; };
		9F6732F72277070D00967031 /* Assets.xcassets */ = {isa = PBXFileReference; lastKnownFileType = folder.assetcatalog; path = Assets.xcassets; sourceTree = "<group>"; };
		9F93618F2270965C000A5582 /* en */ = {isa = PBXFileReference; lastKnownFileType = text.plist.strings; name = en; path = en.lproj/MapStoryboard.strings; sourceTree = "<group>"; };
		9F9361912270965C000A5582 /* Base */ = {isa = PBXFileReference; lastKnownFileType = file.storyboard; name = Base; path = Base.lproj/MapStoryboard.storyboard; sourceTree = "<group>"; };
		9F9361922270965C000A5582 /* fr */ = {isa = PBXFileReference; lastKnownFileType = text.plist.strings; name = fr; path = fr.lproj/MapStoryboard.strings; sourceTree = "<group>"; };
		9F9361932270965C000A5582 /* GeolocPickerPlugin.h */ = {isa = PBXFileReference; fileEncoding = 4; lastKnownFileType = sourcecode.c.h; path = GeolocPickerPlugin.h; sourceTree = "<group>"; };
		9F9361942270965C000A5582 /* MapViewController.m */ = {isa = PBXFileReference; fileEncoding = 4; lastKnownFileType = sourcecode.c.objc; path = MapViewController.m; sourceTree = "<group>"; };
		9F9361962270965C000A5582 /* FormsUtils.h */ = {isa = PBXFileReference; fileEncoding = 4; lastKnownFileType = sourcecode.c.h; path = FormsUtils.h; sourceTree = "<group>"; };
		9F9361972270965C000A5582 /* FormsUtils.m */ = {isa = PBXFileReference; fileEncoding = 4; lastKnownFileType = sourcecode.c.objc; path = FormsUtils.m; sourceTree = "<group>"; };
		9F9361982270965C000A5582 /* GeolocPickerPlugin.m */ = {isa = PBXFileReference; fileEncoding = 4; lastKnownFileType = sourcecode.c.objc; path = GeolocPickerPlugin.m; sourceTree = "<group>"; };
		9F9361992270965C000A5582 /* .gitignore */ = {isa = PBXFileReference; fileEncoding = 4; lastKnownFileType = text; path = .gitignore; sourceTree = "<group>"; };
		9F93619A2270965C000A5582 /* MapViewController.h */ = {isa = PBXFileReference; fileEncoding = 4; lastKnownFileType = sourcecode.c.h; path = MapViewController.h; sourceTree = "<group>"; };
		9F93619D2270965C000A5582 /* en */ = {isa = PBXFileReference; lastKnownFileType = text.plist.strings; name = en; path = en.lproj/Localizable.strings; sourceTree = "<group>"; };
		9F93619E2270965C000A5582 /* fr */ = {isa = PBXFileReference; lastKnownFileType = text.plist.strings; name = fr; path = fr.lproj/Localizable.strings; sourceTree = "<group>"; };
		9F9361A9227099EF000A5582 /* PlaceAnnotation.m */ = {isa = PBXFileReference; fileEncoding = 4; lastKnownFileType = sourcecode.c.objc; path = PlaceAnnotation.m; sourceTree = "<group>"; };
		9F9361AA227099EF000A5582 /* PlaceAnnotation.h */ = {isa = PBXFileReference; fileEncoding = 4; lastKnownFileType = sourcecode.c.h; path = PlaceAnnotation.h; sourceTree = "<group>"; };
		9FEC05382270A4F100206CEC /* MapKit.framework */ = {isa = PBXFileReference; lastKnownFileType = wrapper.framework; name = MapKit.framework; path = System/Library/Frameworks/MapKit.framework; sourceTree = SDKROOT; };
		9FEC053F2270AF4300206CEC /* en */ = {isa = PBXFileReference; lastKnownFileType = text.plist.strings; name = en; path = en.lproj/SignatureStoryboard.strings; sourceTree = "<group>"; };
		9FEC05412270AF4300206CEC /* Base */ = {isa = PBXFileReference; lastKnownFileType = file.storyboard; name = Base; path = Base.lproj/SignatureStoryboard.storyboard; sourceTree = "<group>"; };
		9FEC05422270AF4300206CEC /* fr */ = {isa = PBXFileReference; lastKnownFileType = text.plist.strings; name = fr; path = fr.lproj/SignatureStoryboard.strings; sourceTree = "<group>"; };
		9FEC05432270AF4300206CEC /* SignaturePlugin.h */ = {isa = PBXFileReference; fileEncoding = 4; lastKnownFileType = sourcecode.c.h; path = SignaturePlugin.h; sourceTree = "<group>"; };
		9FEC05442270AF4300206CEC /* SignatureViewController.h */ = {isa = PBXFileReference; fileEncoding = 4; lastKnownFileType = sourcecode.c.h; path = SignatureViewController.h; sourceTree = "<group>"; };
		9FEC05452270AF4300206CEC /* LICENSE */ = {isa = PBXFileReference; fileEncoding = 4; lastKnownFileType = text; path = LICENSE; sourceTree = "<group>"; };
		9FEC05472270AF4300206CEC /* SignaturePlugin.m */ = {isa = PBXFileReference; fileEncoding = 4; lastKnownFileType = sourcecode.c.objc; path = SignaturePlugin.m; sourceTree = "<group>"; };
		9FEC05482270AF4300206CEC /* .gitignore */ = {isa = PBXFileReference; fileEncoding = 4; lastKnownFileType = text; path = .gitignore; sourceTree = "<group>"; };
		9FEC054A2270AF4300206CEC /* SignatureViewController.m */ = {isa = PBXFileReference; fileEncoding = 4; lastKnownFileType = sourcecode.c.objc; path = SignatureViewController.m; sourceTree = "<group>"; };
		9FEC05562270B35400206CEC /* Photos.framework */ = {isa = PBXFileReference; lastKnownFileType = wrapper.framework; name = Photos.framework; path = System/Library/Frameworks/Photos.framework; sourceTree = SDKROOT; };
		9FEC05592270B52D00206CEC /* LICENSE */ = {isa = PBXFileReference; fileEncoding = 4; lastKnownFileType = text; path = LICENSE; sourceTree = "<group>"; };
		9FEC055A2270B52D00206CEC /* NSString+MD5.h */ = {isa = PBXFileReference; fileEncoding = 4; lastKnownFileType = sourcecode.c.h; path = "NSString+MD5.h"; sourceTree = "<group>"; };
		9FEC055B2270B52D00206CEC /* AssetCachePlugin.h */ = {isa = PBXFileReference; fileEncoding = 4; lastKnownFileType = sourcecode.c.h; path = AssetCachePlugin.h; sourceTree = "<group>"; };
		9FEC055C2270B52D00206CEC /* .gitignore */ = {isa = PBXFileReference; fileEncoding = 4; lastKnownFileType = text; path = .gitignore; sourceTree = "<group>"; };
		9FEC055D2270B52D00206CEC /* NSString+MD5.m */ = {isa = PBXFileReference; fileEncoding = 4; lastKnownFileType = sourcecode.c.objc; path = "NSString+MD5.m"; sourceTree = "<group>"; };
		9FEC055E2270B52D00206CEC /* AssetCachePlugin.m */ = {isa = PBXFileReference; fileEncoding = 4; lastKnownFileType = sourcecode.c.objc; path = AssetCachePlugin.m; sourceTree = "<group>"; };
		BE040DBD1DA685E70008A21E /* LocationListener.h */ = {isa = PBXFileReference; fileEncoding = 4; lastKnownFileType = sourcecode.c.h; path = LocationListener.h; sourceTree = "<group>"; };
		BE040DBE1DA685E70008A21E /* LocationListener.m */ = {isa = PBXFileReference; fileEncoding = 4; lastKnownFileType = sourcecode.c.objc; path = LocationListener.m; sourceTree = "<group>"; };
		BE040DC11DA686EE0008A21E /* en */ = {isa = PBXFileReference; lastKnownFileType = text.plist.strings; name = en; path = en.lproj/InfoPlist.strings; sourceTree = "<group>"; };
		BE1ABCE01B70F98B0070657C /* CobaltLocationPlugin.h */ = {isa = PBXFileReference; fileEncoding = 4; lastKnownFileType = sourcecode.c.h; path = CobaltLocationPlugin.h; sourceTree = "<group>"; };
		BE1ABCE11B70F98B0070657C /* CobaltLocationPlugin.m */ = {isa = PBXFileReference; fileEncoding = 4; lastKnownFileType = sourcecode.c.objc; path = CobaltLocationPlugin.m; sourceTree = "<group>"; };
		BE208FEF1BD4DB5C000D2B5F /* fr */ = {isa = PBXFileReference; lastKnownFileType = text.plist.strings; name = fr; path = fr.lproj/InfoPlist.strings; sourceTree = "<group>"; };
		BE5D91441D6CA18900E4B2C7 /* Cobalt.xcodeproj */ = {isa = PBXFileReference; lastKnownFileType = "wrapper.pb-project"; name = Cobalt.xcodeproj; path = Cobalt/Cobalt.xcodeproj; sourceTree = "<group>"; };
		BE7BE5421CA05CB400AADDEB /* .gitignore */ = {isa = PBXFileReference; fileEncoding = 4; lastKnownFileType = text; path = .gitignore; sourceTree = "<group>"; };
		BE7BE5431CA05CB400AADDEB /* FontAwesome.h */ = {isa = PBXFileReference; fileEncoding = 4; lastKnownFileType = sourcecode.c.h; path = FontAwesome.h; sourceTree = "<group>"; };
		BE7BE5441CA05CB400AADDEB /* FontAwesome.m */ = {isa = PBXFileReference; fileEncoding = 4; lastKnownFileType = sourcecode.c.objc; path = FontAwesome.m; sourceTree = "<group>"; };
		BE7BE5451CA05CB400AADDEB /* FontAwesome.ttf */ = {isa = PBXFileReference; lastKnownFileType = file; path = FontAwesome.ttf; sourceTree = "<group>"; };
		BE7BE5461CA05CB400AADDEB /* LICENSE */ = {isa = PBXFileReference; fileEncoding = 4; lastKnownFileType = text; path = LICENSE; sourceTree = "<group>"; };
		BE956EBB1C47F653002DBEE3 /* CoreGraphics.framework */ = {isa = PBXFileReference; lastKnownFileType = wrapper.framework; name = CoreGraphics.framework; path = System/Library/Frameworks/CoreGraphics.framework; sourceTree = SDKROOT; };
		BE956EBD1C47F65F002DBEE3 /* JavaScriptCore.framework */ = {isa = PBXFileReference; lastKnownFileType = wrapper.framework; name = JavaScriptCore.framework; path = System/Library/Frameworks/JavaScriptCore.framework; sourceTree = SDKROOT; };
		BEDD51881BCE993300E204AC /* .gitignore */ = {isa = PBXFileReference; fileEncoding = 4; lastKnownFileType = text; path = .gitignore; sourceTree = "<group>"; };
		BEDD51891BCE993300E204AC /* ActionPickerPlugin.h */ = {isa = PBXFileReference; fileEncoding = 4; lastKnownFileType = sourcecode.c.h; path = ActionPickerPlugin.h; sourceTree = "<group>"; };
		BEDD518A1BCE993300E204AC /* ActionPickerPlugin.m */ = {isa = PBXFileReference; fileEncoding = 4; lastKnownFileType = sourcecode.c.objc; path = ActionPickerPlugin.m; sourceTree = "<group>"; };
		BEDD518B1BCE993300E204AC /* LICENSE */ = {isa = PBXFileReference; fileEncoding = 4; lastKnownFileType = text; path = LICENSE; sourceTree = "<group>"; };
		BEDD8DA31BAC282C00265616 /* .gitignore */ = {isa = PBXFileReference; fileEncoding = 4; lastKnownFileType = text; path = .gitignore; sourceTree = "<group>"; };
		BEDD8DA41BAC282C00265616 /* CobaltAppInfosPlugin.h */ = {isa = PBXFileReference; fileEncoding = 4; lastKnownFileType = sourcecode.c.h; path = CobaltAppInfosPlugin.h; sourceTree = "<group>"; };
		BEDD8DA51BAC282C00265616 /* CobaltAppInfosPlugin.m */ = {isa = PBXFileReference; fileEncoding = 4; lastKnownFileType = sourcecode.c.objc; path = CobaltAppInfosPlugin.m; sourceTree = "<group>"; };
		BEDD8DA61BAC282C00265616 /* LICENSE */ = {isa = PBXFileReference; fileEncoding = 4; lastKnownFileType = text; path = LICENSE; sourceTree = "<group>"; };
		BEDE9EB31B7398C700EAEB94 /* UIKit.framework */ = {isa = PBXFileReference; lastKnownFileType = wrapper.framework; name = UIKit.framework; path = System/Library/Frameworks/UIKit.framework; sourceTree = SDKROOT; };
		BEDE9EB51B7398DB00EAEB94 /* CoreLocation.framework */ = {isa = PBXFileReference; lastKnownFileType = wrapper.framework; name = CoreLocation.framework; path = System/Library/Frameworks/CoreLocation.framework; sourceTree = SDKROOT; };
		BEF814321CAD63FC004D512A /* LaunchScreen.storyboard */ = {isa = PBXFileReference; fileEncoding = 4; lastKnownFileType = file.storyboard; name = LaunchScreen.storyboard; path = Catalog/LaunchScreen.storyboard; sourceTree = SOURCE_ROOT; };
		C49597551717090B006454BA /* CallbacksController.h */ = {isa = PBXFileReference; fileEncoding = 4; lastKnownFileType = sourcecode.c.h; path = CallbacksController.h; sourceTree = "<group>"; };
		C49597561717090B006454BA /* CallbacksController.m */ = {isa = PBXFileReference; fileEncoding = 4; lastKnownFileType = sourcecode.c.objc; path = CallbacksController.m; sourceTree = "<group>"; };
		C49597571717090B006454BA /* CallbacksController.xib */ = {isa = PBXFileReference; fileEncoding = 4; lastKnownFileType = file.xib; path = CallbacksController.xib; sourceTree = "<group>"; };
		C4D6649F171E8D97009EDE58 /* EventsController.h */ = {isa = PBXFileReference; fileEncoding = 4; lastKnownFileType = sourcecode.c.h; path = EventsController.h; sourceTree = "<group>"; };
		C4D664A0171E8D97009EDE58 /* EventsController.m */ = {isa = PBXFileReference; fileEncoding = 4; lastKnownFileType = sourcecode.c.objc; path = EventsController.m; sourceTree = "<group>"; };
		C4D664A1171E8D97009EDE58 /* EventsController.xib */ = {isa = PBXFileReference; fileEncoding = 4; lastKnownFileType = file.xib; path = EventsController.xib; sourceTree = "<group>"; };
		C4D664A7171E91D5009EDE58 /* DefaultController.h */ = {isa = PBXFileReference; fileEncoding = 4; lastKnownFileType = sourcecode.c.h; path = DefaultController.h; sourceTree = "<group>"; };
		C4D664A8171E91D5009EDE58 /* DefaultController.m */ = {isa = PBXFileReference; fileEncoding = 4; lastKnownFileType = sourcecode.c.objc; path = DefaultController.m; sourceTree = "<group>"; };
		F01A5A081716EF4C0000DD94 /* Cobalt Catalog.app */ = {isa = PBXFileReference; explicitFileType = wrapper.application; includeInIndex = 0; path = "Cobalt Catalog.app"; sourceTree = BUILT_PRODUCTS_DIR; };
		F01A5A131716EF4C0000DD94 /* Catalog-Info.plist */ = {isa = PBXFileReference; lastKnownFileType = text.plist.xml; path = "Catalog-Info.plist"; sourceTree = "<group>"; };
		F01A5A171716EF4D0000DD94 /* main.m */ = {isa = PBXFileReference; lastKnownFileType = sourcecode.c.objc; path = main.m; sourceTree = "<group>"; };
		F01A5A191716EF4D0000DD94 /* Catalog-Prefix.pch */ = {isa = PBXFileReference; lastKnownFileType = sourcecode.c.h; path = "Catalog-Prefix.pch"; sourceTree = "<group>"; };
		F01A5A1A1716EF4D0000DD94 /* AppDelegate.h */ = {isa = PBXFileReference; lastKnownFileType = sourcecode.c.h; path = AppDelegate.h; sourceTree = "<group>"; };
		F01A5A1B1716EF4D0000DD94 /* AppDelegate.m */ = {isa = PBXFileReference; lastKnownFileType = sourcecode.c.objc; path = AppDelegate.m; sourceTree = "<group>"; };
		F035D4F42266313B008BD0D7 /* www */ = {isa = PBXFileReference; lastKnownFileType = folder; path = www; sourceTree = "<group>"; };
		F08152B822706A2100F338D8 /* Snackbar.h */ = {isa = PBXFileReference; fileEncoding = 4; lastKnownFileType = sourcecode.c.h; path = Snackbar.h; sourceTree = "<group>"; };
		F08152B922706A2100F338D8 /* LICENSE */ = {isa = PBXFileReference; fileEncoding = 4; lastKnownFileType = text; path = LICENSE; sourceTree = "<group>"; };
		F08152BA22706A2100F338D8 /* CobaltSnackbarPlugin.h */ = {isa = PBXFileReference; fileEncoding = 4; lastKnownFileType = sourcecode.c.h; path = CobaltSnackbarPlugin.h; sourceTree = "<group>"; };
		F08152BB22706A2100F338D8 /* Snackbar.m */ = {isa = PBXFileReference; fileEncoding = 4; lastKnownFileType = sourcecode.c.objc; path = Snackbar.m; sourceTree = "<group>"; };
		F08152BC22706A2100F338D8 /* CobaltSnackbarPlugin.m */ = {isa = PBXFileReference; fileEncoding = 4; lastKnownFileType = sourcecode.c.objc; path = CobaltSnackbarPlugin.m; sourceTree = "<group>"; };
/* End PBXFileReference section */

/* Begin PBXFrameworksBuildPhase section */
		F01A5A051716EF4C0000DD94 /* Frameworks */ = {
			isa = PBXFrameworksBuildPhase;
			buildActionMask = 2147483647;
			files = (
				9FEC05572270B35400206CEC /* Photos.framework in Frameworks */,
				9FEC053B2270A4F100206CEC /* MapKit.framework in Frameworks */,
				542538FD1CEF2AE500190AF9 /* AddressBook.framework in Frameworks */,
				BE956EBC1C47F653002DBEE3 /* CoreGraphics.framework in Frameworks */,
				BEDE9EB61B7398DB00EAEB94 /* CoreLocation.framework in Frameworks */,
				BE956EBE1C47F65F002DBEE3 /* JavaScriptCore.framework in Frameworks */,
				540BD3D91CFDCDE200E0580A /* SafariServices.framework in Frameworks */,
				6AAF551E1CD8DE04005C3123 /* SystemConfiguration.framework in Frameworks */,
				BEDE9EB41B7398C700EAEB94 /* UIKit.framework in Frameworks */,
				BE5D91501D6CA1E400E4B2C7 /* libCobalt.a in Frameworks */,
			);
			runOnlyForDeploymentPostprocessing = 0;
		};
/* End PBXFrameworksBuildPhase section */

/* Begin PBXGroup section */
		540BD3DA1CFDCF1400E0580A /* PdfPlugin */ = {
			isa = PBXGroup;
			children = (
				540BD3DB1CFDCF1400E0580A /* .gitignore */,
				540BD3DC1CFDCF1400E0580A /* CobaltPdfPlugin.h */,
				540BD3DD1CFDCF1400E0580A /* CobaltPdfPlugin.m */,
				540BD3DE1CFDCF1400E0580A /* LICENSE */,
			);
			path = PdfPlugin;
			sourceTree = "<group>";
		};
		54EC75511CEF2910006E02DD /* SharePlugin */ = {
			isa = PBXGroup;
			children = (
				54EC75521CEF2910006E02DD /* .gitignore */,
				54EC75531CEF2910006E02DD /* CobaltSharePlugin.h */,
				54EC75541CEF2910006E02DD /* CobaltSharePlugin.m */,
				54EC75551CEF2910006E02DD /* LICENSE */,
			);
			path = SharePlugin;
			sourceTree = "<group>";
		};
		6AAF55031CD8DD0C005C3123 /* NetworkStatusPlugin */ = {
			isa = PBXGroup;
			children = (
				6AAF55041CD8DD0C005C3123 /* .gitignore */,
				6AAF55051CD8DD0C005C3123 /* CobaltNetworkStatusPlugin.h */,
				6AAF55061CD8DD0C005C3123 /* CobaltNetworkStatusPlugin.m */,
				6AAF55071CD8DD0C005C3123 /* LICENSE */,
				6AAF55081CD8DD0C005C3123 /* NetworkChangeReceiver.h */,
				6AAF55091CD8DD0C005C3123 /* NetworkChangeReceiver.m */,
			);
			path = NetworkStatusPlugin;
			sourceTree = "<group>";
		};
		6AAF550E1CD8DD19005C3123 /* BatteryStatusPlugin */ = {
			isa = PBXGroup;
			children = (
				6AAF550F1CD8DD19005C3123 /* .gitignore */,
				6AAF55101CD8DD19005C3123 /* BatteryChangeReceiver.h */,
				6AAF55111CD8DD19005C3123 /* BatteryChangeReceiver.m */,
				6AAF55121CD8DD19005C3123 /* CobaltBatteryStatusPlugin.h */,
				6AAF55131CD8DD19005C3123 /* CobaltBatteryStatusPlugin.m */,
				6AAF55141CD8DD19005C3123 /* LICENSE */,
			);
			path = BatteryStatusPlugin;
			sourceTree = "<group>";
		};
		8E751E9819EEB62400EDFF4D /* Design */ = {
			isa = PBXGroup;
			children = (
				8E751E9919EEB62400EDFF4D /* black_sun.png */,
				8E751E9A19EEB62400EDFF4D /* black_sun@2x.png */,
				8E751E9B19EEB62400EDFF4D /* black_sun@3x.png */,
				8E751E9C19EEB62400EDFF4D /* cloudy.png */,
				8E751E9D19EEB62400EDFF4D /* cloudy@2x.png */,
				8E751E9E19EEB62400EDFF4D /* cloudy@3x.png */,
				8E751E9F19EEB62400EDFF4D /* moon.png */,
				542538FE1CEF3AB800190AF9 /* logo.png */,
				8E751EA019EEB62400EDFF4D /* moon@2x.png */,
				8E751EA119EEB62400EDFF4D /* moon@3x.png */,
				8E751EA219EEB62400EDFF4D /* sun.png */,
				8E751EA319EEB62400EDFF4D /* sun@2x.png */,
				8E751EA419EEB62400EDFF4D /* sun@3x.png */,
				8E751EA519EEB62400EDFF4D /* wind.png */,
				8E751EA619EEB62400EDFF4D /* wind@2x.png */,
				8E751EA719EEB62400EDFF4D /* wind@3x.png */,
			);
			path = Design;
			sourceTree = "<group>";
		};
		9F93618C2270965C000A5582 /* GeolocPickerPlugin */ = {
			isa = PBXGroup;
			children = (
				9F93618D2270965C000A5582 /* Design */,
				9F9361932270965C000A5582 /* GeolocPickerPlugin.h */,
				9F9361AA227099EF000A5582 /* PlaceAnnotation.h */,
				9F9361A9227099EF000A5582 /* PlaceAnnotation.m */,
				9F9361942270965C000A5582 /* MapViewController.m */,
				9F9361952270965C000A5582 /* Utils */,
				9F9361982270965C000A5582 /* GeolocPickerPlugin.m */,
				9F9361992270965C000A5582 /* .gitignore */,
				9F93619A2270965C000A5582 /* MapViewController.h */,
				9F93619B2270965C000A5582 /* Localization */,
			);
			path = GeolocPickerPlugin;
			sourceTree = "<group>";
		};
		9F93618D2270965C000A5582 /* Design */ = {
			isa = PBXGroup;
			children = (
				9F6732F72277070D00967031 /* Assets.xcassets */,
				9F93618E2270965C000A5582 /* MapStoryboard.strings */,
				9F9361902270965C000A5582 /* MapStoryboard.storyboard */,
			);
			path = Design;
			sourceTree = "<group>";
		};
		9F9361952270965C000A5582 /* Utils */ = {
			isa = PBXGroup;
			children = (
				9F9361962270965C000A5582 /* FormsUtils.h */,
				9F9361972270965C000A5582 /* FormsUtils.m */,
			);
			path = Utils;
			sourceTree = "<group>";
		};
		9F93619B2270965C000A5582 /* Localization */ = {
			isa = PBXGroup;
			children = (
				9F93619C2270965C000A5582 /* Localizable.strings */,
			);
			path = Localization;
			sourceTree = "<group>";
		};
		9FEC053C2270AF4300206CEC /* SignaturePlugin */ = {
			isa = PBXGroup;
			children = (
				9FEC053D2270AF4300206CEC /* Design */,
				9FEC05432270AF4300206CEC /* SignaturePlugin.h */,
				9FEC05442270AF4300206CEC /* SignatureViewController.h */,
				9FEC05452270AF4300206CEC /* LICENSE */,
				9FEC05472270AF4300206CEC /* SignaturePlugin.m */,
				9FEC05482270AF4300206CEC /* .gitignore */,
				9FEC054A2270AF4300206CEC /* SignatureViewController.m */,
			);
			path = SignaturePlugin;
			sourceTree = "<group>";
		};
		9FEC053D2270AF4300206CEC /* Design */ = {
			isa = PBXGroup;
			children = (
				9FEC053E2270AF4300206CEC /* SignatureStoryboard.strings */,
				9FEC05402270AF4300206CEC /* SignatureStoryboard.storyboard */,
			);
			path = Design;
			sourceTree = "<group>";
		};
		9FEC05582270B52D00206CEC /* AssetCachePlugin */ = {
			isa = PBXGroup;
			children = (
				9FEC05592270B52D00206CEC /* LICENSE */,
				9FEC055A2270B52D00206CEC /* NSString+MD5.h */,
				9FEC055B2270B52D00206CEC /* AssetCachePlugin.h */,
				9FEC055C2270B52D00206CEC /* .gitignore */,
				9FEC055D2270B52D00206CEC /* NSString+MD5.m */,
				9FEC055E2270B52D00206CEC /* AssetCachePlugin.m */,
			);
			path = AssetCachePlugin;
			sourceTree = "<group>";
		};
		BE1ABCD81B70F9730070657C /* LocationPlugin */ = {
			isa = PBXGroup;
			children = (
				BE1ABCE01B70F98B0070657C /* CobaltLocationPlugin.h */,
				BE1ABCE11B70F98B0070657C /* CobaltLocationPlugin.m */,
				BE040DBD1DA685E70008A21E /* LocationListener.h */,
				BE040DBE1DA685E70008A21E /* LocationListener.m */,
			);
			path = LocationPlugin;
			sourceTree = "<group>";
		};
		BE3DEED01AC19B2400EF45ED /* Controllers */ = {
			isa = PBXGroup;
			children = (
				C49597551717090B006454BA /* CallbacksController.h */,
				C49597561717090B006454BA /* CallbacksController.m */,
				C49597571717090B006454BA /* CallbacksController.xib */,
				8E1070BD1987ED8800DED934 /* CustomizedPulltoRefreshViewController.h */,
				8E1070BE1987ED8800DED934 /* CustomizedPulltoRefreshViewController.m */,
				C4D6649F171E8D97009EDE58 /* EventsController.h */,
				C4D664A0171E8D97009EDE58 /* EventsController.m */,
				C4D664A1171E8D97009EDE58 /* EventsController.xib */,
				C4D664A7171E91D5009EDE58 /* DefaultController.h */,
				C4D664A8171E91D5009EDE58 /* DefaultController.m */,
			);
			name = Controllers;
			sourceTree = "<group>";
		};
		BE3DEED31AC19BAC00EF45ED /* AppDelegate */ = {
			isa = PBXGroup;
			children = (
				F01A5A1A1716EF4D0000DD94 /* AppDelegate.h */,
				F01A5A1B1716EF4D0000DD94 /* AppDelegate.m */,
			);
			name = AppDelegate;
			sourceTree = "<group>";
		};
		BE5D91451D6CA18900E4B2C7 /* Products */ = {
			isa = PBXGroup;
			children = (
				BE5D914B1D6CA18900E4B2C7 /* libCobalt.a */,
				BE5D914D1D6CA18900E4B2C7 /* Cobalt.bundle */,
			);
			name = Products;
			sourceTree = "<group>";
		};
		BE7BE5411CA05CB400AADDEB /* Fonts-FontAwesome-iOS */ = {
			isa = PBXGroup;
			children = (
				BE7BE5421CA05CB400AADDEB /* .gitignore */,
				BE7BE5431CA05CB400AADDEB /* FontAwesome.h */,
				BE7BE5441CA05CB400AADDEB /* FontAwesome.m */,
				BE7BE5451CA05CB400AADDEB /* FontAwesome.ttf */,
				BE7BE5461CA05CB400AADDEB /* LICENSE */,
			);
			path = "Fonts-FontAwesome-iOS";
			sourceTree = "<group>";
		};
		BEDD51871BCE993300E204AC /* ActionPickerPlugin */ = {
			isa = PBXGroup;
			children = (
				BEDD51881BCE993300E204AC /* .gitignore */,
				BEDD51891BCE993300E204AC /* ActionPickerPlugin.h */,
				BEDD518A1BCE993300E204AC /* ActionPickerPlugin.m */,
				BEDD518B1BCE993300E204AC /* LICENSE */,
			);
			path = ActionPickerPlugin;
			sourceTree = "<group>";
		};
		BEDD8DA21BAC282C00265616 /* AppInfosPlugin */ = {
			isa = PBXGroup;
			children = (
				BEDD8DA31BAC282C00265616 /* .gitignore */,
				BEDD8DA41BAC282C00265616 /* CobaltAppInfosPlugin.h */,
				BEDD8DA51BAC282C00265616 /* CobaltAppInfosPlugin.m */,
				BEDD8DA61BAC282C00265616 /* LICENSE */,
			);
			path = AppInfosPlugin;
			sourceTree = "<group>";
		};
		F01A59FF1716EF4C0000DD94 = {
			isa = PBXGroup;
			children = (
				F01A5A111716EF4C0000DD94 /* Catalog */,
				F01A5A0A1716EF4C0000DD94 /* Frameworks */,
				F01A5A091716EF4C0000DD94 /* Products */,
			);
			sourceTree = "<group>";
		};
		F01A5A091716EF4C0000DD94 /* Products */ = {
			isa = PBXGroup;
			children = (
				F01A5A081716EF4C0000DD94 /* Cobalt Catalog.app */,
			);
			name = Products;
			sourceTree = "<group>";
		};
		F01A5A0A1716EF4C0000DD94 /* Frameworks */ = {
			isa = PBXGroup;
			children = (
				9FEC05582270B52D00206CEC /* AssetCachePlugin */,
				9FEC05562270B35400206CEC /* Photos.framework */,
				9FEC053C2270AF4300206CEC /* SignaturePlugin */,
				9FEC05382270A4F100206CEC /* MapKit.framework */,
				9F93618C2270965C000A5582 /* GeolocPickerPlugin */,
				542538FC1CEF2AE500190AF9 /* AddressBook.framework */,
				BE956EBB1C47F653002DBEE3 /* CoreGraphics.framework */,
				BEDE9EB51B7398DB00EAEB94 /* CoreLocation.framework */,
				BE956EBD1C47F65F002DBEE3 /* JavaScriptCore.framework */,
				540BD3D81CFDCDE200E0580A /* SafariServices.framework */,
				6AAF551D1CD8DE04005C3123 /* SystemConfiguration.framework */,
				BEDE9EB31B7398C700EAEB94 /* UIKit.framework */,
				BE5D91441D6CA18900E4B2C7 /* Cobalt.xcodeproj */,
				BE7BE5411CA05CB400AADDEB /* Fonts-FontAwesome-iOS */,
				BEDD51871BCE993300E204AC /* ActionPickerPlugin */,
				BEDD8DA21BAC282C00265616 /* AppInfosPlugin */,
				6AAF550E1CD8DD19005C3123 /* BatteryStatusPlugin */,
				BE1ABCD81B70F9730070657C /* LocationPlugin */,
				6AAF55031CD8DD0C005C3123 /* NetworkStatusPlugin */,
				540BD3DA1CFDCF1400E0580A /* PdfPlugin */,
				54EC75511CEF2910006E02DD /* SharePlugin */,
				F08152B722706A2100F338D8 /* SnackbarPlugin */,
			);
			name = Frameworks;
			sourceTree = "<group>";
		};
		F01A5A111716EF4C0000DD94 /* Catalog */ = {
			isa = PBXGroup;
			children = (
				F035D4F42266313B008BD0D7 /* www */,
				BE3DEED31AC19BAC00EF45ED /* AppDelegate */,
				BE3DEED01AC19B2400EF45ED /* Controllers */,
				8E751E9819EEB62400EDFF4D /* Design */,
				BEF814321CAD63FC004D512A /* LaunchScreen.storyboard */,
				8EC5CAD61980FB00001777FA /* Images.xcassets */,
				F01A5A121716EF4C0000DD94 /* Supporting Files */,
			);
			path = Catalog;
			sourceTree = "<group>";
		};
		F01A5A121716EF4C0000DD94 /* Supporting Files */ = {
			isa = PBXGroup;
			children = (
				F01A5A131716EF4C0000DD94 /* Catalog-Info.plist */,
				F01A5A191716EF4D0000DD94 /* Catalog-Prefix.pch */,
				F01A5A141716EF4C0000DD94 /* InfoPlist.strings */,
				F01A5A171716EF4D0000DD94 /* main.m */,
			);
			name = "Supporting Files";
			sourceTree = "<group>";
		};
		F08152B722706A2100F338D8 /* SnackbarPlugin */ = {
			isa = PBXGroup;
			children = (
				F08152B822706A2100F338D8 /* Snackbar.h */,
				F08152B922706A2100F338D8 /* LICENSE */,
				F08152BA22706A2100F338D8 /* CobaltSnackbarPlugin.h */,
				F08152BB22706A2100F338D8 /* Snackbar.m */,
				F08152BC22706A2100F338D8 /* CobaltSnackbarPlugin.m */,
			);
			path = SnackbarPlugin;
			sourceTree = "<group>";
		};
/* End PBXGroup section */

/* Begin PBXNativeTarget section */
		F01A5A071716EF4C0000DD94 /* Catalog */ = {
			isa = PBXNativeTarget;
			buildConfigurationList = F01A5A251716EF4D0000DD94 /* Build configuration list for PBXNativeTarget "Catalog" */;
			buildPhases = (
				F01A5A041716EF4C0000DD94 /* Sources */,
				F01A5A051716EF4C0000DD94 /* Frameworks */,
				F01A5A061716EF4C0000DD94 /* Resources */,
				BEDE9EB21B7397FC00EAEB94 /* Embed Frameworks */,
			);
			buildRules = (
			);
			dependencies = (
				BE5D914F1D6CA1D600E4B2C7 /* PBXTargetDependency */,
			);
			name = Catalog;
			productName = Catalog;
			productReference = F01A5A081716EF4C0000DD94 /* Cobalt Catalog.app */;
			productType = "com.apple.product-type.application";
		};
/* End PBXNativeTarget section */

/* Begin PBXProject section */
		F01A5A001716EF4C0000DD94 /* Project object */ = {
			isa = PBXProject;
			attributes = {
				CLASSPREFIX = HP;
				LastUpgradeCheck = 0460;
				ORGANIZATIONNAME = Haploid;
				TargetAttributes = {
					F01A5A071716EF4C0000DD94 = {
						DevelopmentTeam = 96E6ETCA8Y;
					};
				};
			};
			buildConfigurationList = F01A5A031716EF4C0000DD94 /* Build configuration list for PBXProject "Catalog" */;
			compatibilityVersion = "Xcode 3.2";
			developmentRegion = English;
			hasScannedForEncodings = 0;
			knownRegions = (
				English,
				en,
				fr,
				Base,
			);
			mainGroup = F01A59FF1716EF4C0000DD94;
			productRefGroup = F01A5A091716EF4C0000DD94 /* Products */;
			projectDirPath = "";
			projectReferences = (
				{
					ProductGroup = BE5D91451D6CA18900E4B2C7 /* Products */;
					ProjectRef = BE5D91441D6CA18900E4B2C7 /* Cobalt.xcodeproj */;
				},
			);
			projectRoot = "";
			targets = (
				F01A5A071716EF4C0000DD94 /* Catalog */,
			);
		};
/* End PBXProject section */

/* Begin PBXReferenceProxy section */
		BE5D914B1D6CA18900E4B2C7 /* libCobalt.a */ = {
			isa = PBXReferenceProxy;
			fileType = archive.ar;
			path = libCobalt.a;
			remoteRef = BE5D914A1D6CA18900E4B2C7 /* PBXContainerItemProxy */;
			sourceTree = BUILT_PRODUCTS_DIR;
		};
		BE5D914D1D6CA18900E4B2C7 /* Cobalt.bundle */ = {
			isa = PBXReferenceProxy;
			fileType = wrapper.cfbundle;
			path = Cobalt.bundle;
			remoteRef = BE5D914C1D6CA18900E4B2C7 /* PBXContainerItemProxy */;
			sourceTree = BUILT_PRODUCTS_DIR;
		};
/* End PBXReferenceProxy section */

/* Begin PBXResourcesBuildPhase section */
		F01A5A061716EF4C0000DD94 /* Resources */ = {
			isa = PBXResourcesBuildPhase;
			buildActionMask = 2147483647;
			files = (
				9FEC054C2270AF4300206CEC /* SignatureStoryboard.storyboard in Resources */,
				F035D4F52266313B008BD0D7 /* www in Resources */,
				8E751EB619EEB62400EDFF4D /* wind@3x.png in Resources */,
				8E751EAF19EEB62400EDFF4D /* moon@2x.png in Resources */,
				9F6732FA2277070D00967031 /* Assets.xcassets in Resources */,
				8E751EB419EEB62400EDFF4D /* wind.png in Resources */,
				8E751EB319EEB62400EDFF4D /* sun@3x.png in Resources */,
				8E751EAB19EEB62400EDFF4D /* cloudy.png in Resources */,
				9F9361A22270965C000A5582 /* MapStoryboard.storyboard in Resources */,
				F01A5A161716EF4C0000DD94 /* InfoPlist.strings in Resources */,
				542538FF1CEF3AB800190AF9 /* logo.png in Resources */,
				8E751EAD19EEB62400EDFF4D /* cloudy@3x.png in Resources */,
				9F9361A12270965C000A5582 /* MapStoryboard.strings in Resources */,
				8E751EAA19EEB62400EDFF4D /* black_sun@3x.png in Resources */,
				9FEC054B2270AF4300206CEC /* SignatureStoryboard.strings in Resources */,
				8E751EB119EEB62400EDFF4D /* sun.png in Resources */,
				8EC5CAD71980FB00001777FA /* Images.xcassets in Resources */,
				8E751EB519EEB62400EDFF4D /* wind@2x.png in Resources */,
				8E751EAC19EEB62400EDFF4D /* cloudy@2x.png in Resources */,
				BEF814331CAD63FC004D512A /* LaunchScreen.storyboard in Resources */,
				C49597591717090B006454BA /* CallbacksController.xib in Resources */,
				C4D664A3171E8D97009EDE58 /* EventsController.xib in Resources */,
				8E751EB019EEB62400EDFF4D /* moon@3x.png in Resources */,
				9F9361A72270965C000A5582 /* Localizable.strings in Resources */,
				BE7BE5491CA05CB400AADDEB /* FontAwesome.ttf in Resources */,
				8E751EB219EEB62400EDFF4D /* sun@2x.png in Resources */,
				8E751EAE19EEB62400EDFF4D /* moon.png in Resources */,
				8E751EA819EEB62400EDFF4D /* black_sun.png in Resources */,
				8E751EA919EEB62400EDFF4D /* black_sun@2x.png in Resources */,
				BE5D91511D6CA1F700E4B2C7 /* Cobalt.bundle in Resources */,
			);
			runOnlyForDeploymentPostprocessing = 0;
		};
/* End PBXResourcesBuildPhase section */

/* Begin PBXSourcesBuildPhase section */
		F01A5A041716EF4C0000DD94 /* Sources */ = {
			isa = PBXSourcesBuildPhase;
			buildActionMask = 2147483647;
			files = (
				540BD3E01CFDCF1400E0580A /* CobaltPdfPlugin.m in Sources */,
				BE7BE5481CA05CB400AADDEB /* FontAwesome.m in Sources */,
				6AAF55161CD8DD19005C3123 /* BatteryChangeReceiver.m in Sources */,
				BEDD518D1BCE993300E204AC /* ActionPickerPlugin.m in Sources */,
				F01A5A181716EF4D0000DD94 /* main.m in Sources */,
				9FEC05612270B52D00206CEC /* NSString+MD5.m in Sources */,
				BEDD8DA81BAC282C00265616 /* CobaltAppInfosPlugin.m in Sources */,
				9FEC05512270AF4300206CEC /* SignatureViewController.m in Sources */,
				F08152C022706A2100F338D8 /* Snackbar.m in Sources */,
				9F9361A32270965C000A5582 /* MapViewController.m in Sources */,
				F08152C122706A2100F338D8 /* CobaltSnackbarPlugin.m in Sources */,
				F01A5A1C1716EF4D0000DD94 /* AppDelegate.m in Sources */,
				6AAF550B1CD8DD0C005C3123 /* CobaltNetworkStatusPlugin.m in Sources */,
				BE1ABCE21B70F98B0070657C /* CobaltLocationPlugin.m in Sources */,
				6AAF55171CD8DD19005C3123 /* CobaltBatteryStatusPlugin.m in Sources */,
				8E1070BF1987ED8800DED934 /* CustomizedPulltoRefreshViewController.m in Sources */,
				6AAF550D1CD8DD0C005C3123 /* NetworkChangeReceiver.m in Sources */,
				C49597581717090B006454BA /* CallbacksController.m in Sources */,
				BE040DBF1DA685E70008A21E /* LocationListener.m in Sources */,
				C4D664A2171E8D97009EDE58 /* EventsController.m in Sources */,
				9F9361A42270965C000A5582 /* FormsUtils.m in Sources */,
				9F9361A52270965C000A5582 /* GeolocPickerPlugin.m in Sources */,
				54EC75571CEF2910006E02DD /* CobaltSharePlugin.m in Sources */,
				9F9361AB227099EF000A5582 /* PlaceAnnotation.m in Sources */,
				9FEC054F2270AF4300206CEC /* SignaturePlugin.m in Sources */,
				9FEC05622270B52D00206CEC /* AssetCachePlugin.m in Sources */,
				C4D664AA171E91D5009EDE58 /* DefaultController.m in Sources */,
			);
			runOnlyForDeploymentPostprocessing = 0;
		};
/* End PBXSourcesBuildPhase section */

/* Begin PBXTargetDependency section */
		BE5D914F1D6CA1D600E4B2C7 /* PBXTargetDependency */ = {
			isa = PBXTargetDependency;
			name = Framework;
			targetProxy = BE5D914E1D6CA1D600E4B2C7 /* PBXContainerItemProxy */;
		};
/* End PBXTargetDependency section */

/* Begin PBXVariantGroup section */
		9F93618E2270965C000A5582 /* MapStoryboard.strings */ = {
			isa = PBXVariantGroup;
			children = (
				9F93618F2270965C000A5582 /* en */,
				9F9361922270965C000A5582 /* fr */,
			);
			name = MapStoryboard.strings;
			sourceTree = "<group>";
		};
		9F9361902270965C000A5582 /* MapStoryboard.storyboard */ = {
			isa = PBXVariantGroup;
			children = (
				9F9361912270965C000A5582 /* Base */,
			);
			name = MapStoryboard.storyboard;
			sourceTree = "<group>";
		};
		9F93619C2270965C000A5582 /* Localizable.strings */ = {
			isa = PBXVariantGroup;
			children = (
				9F93619D2270965C000A5582 /* en */,
				9F93619E2270965C000A5582 /* fr */,
			);
			name = Localizable.strings;
			sourceTree = "<group>";
		};
		9FEC053E2270AF4300206CEC /* SignatureStoryboard.strings */ = {
			isa = PBXVariantGroup;
			children = (
				9FEC053F2270AF4300206CEC /* en */,
				9FEC05422270AF4300206CEC /* fr */,
			);
			name = SignatureStoryboard.strings;
			sourceTree = "<group>";
		};
		9FEC05402270AF4300206CEC /* SignatureStoryboard.storyboard */ = {
			isa = PBXVariantGroup;
			children = (
				9FEC05412270AF4300206CEC /* Base */,
			);
			name = SignatureStoryboard.storyboard;
			sourceTree = "<group>";
		};
		F01A5A141716EF4C0000DD94 /* InfoPlist.strings */ = {
			isa = PBXVariantGroup;
			children = (
				BE208FEF1BD4DB5C000D2B5F /* fr */,
				BE040DC11DA686EE0008A21E /* en */,
			);
			name = InfoPlist.strings;
			sourceTree = "<group>";
		};
/* End PBXVariantGroup section */

/* Begin XCBuildConfiguration section */
		F01A5A231716EF4D0000DD94 /* Debug */ = {
			isa = XCBuildConfiguration;
			buildSettings = {
				ALWAYS_SEARCH_USER_PATHS = NO;
				CLANG_CXX_LANGUAGE_STANDARD = "gnu++0x";
				CLANG_CXX_LIBRARY = "libc++";
				CLANG_ENABLE_OBJC_ARC = YES;
				CLANG_WARN_CONSTANT_CONVERSION = YES;
				CLANG_WARN_EMPTY_BODY = YES;
				CLANG_WARN_ENUM_CONVERSION = YES;
				CLANG_WARN_INT_CONVERSION = YES;
				CLANG_WARN__DUPLICATE_METHOD_MATCH = YES;
				CODE_SIGN_IDENTITY = "iPhone Developer: Fehmi Toumi (3X7UK4WY8T)";
				"CODE_SIGN_IDENTITY[sdk=iphoneos*]" = "iPhone Developer: Fehmi Toumi (3X7UK4WY8T)";
				COPY_PHASE_STRIP = NO;
				GCC_C_LANGUAGE_STANDARD = gnu99;
				GCC_DYNAMIC_NO_PIC = NO;
				GCC_OPTIMIZATION_LEVEL = 0;
				GCC_PREPROCESSOR_DEFINITIONS = (
					"DEBUG=1",
					"$(inherited)",
				);
				GCC_SYMBOLS_PRIVATE_EXTERN = NO;
				GCC_WARN_ABOUT_RETURN_TYPE = YES;
				GCC_WARN_UNINITIALIZED_AUTOS = YES;
				GCC_WARN_UNUSED_VARIABLE = YES;
				IPHONEOS_DEPLOYMENT_TARGET = 6.0;
				ONLY_ACTIVE_ARCH = YES;
				PROVISIONING_PROFILE = "D2A9E6F3-6252-488D-96C8-EF2384E3416E";
				SDKROOT = iphoneos;
			};
			name = Debug;
		};
		F01A5A241716EF4D0000DD94 /* Release */ = {
			isa = XCBuildConfiguration;
			buildSettings = {
				ALWAYS_SEARCH_USER_PATHS = NO;
				CLANG_CXX_LANGUAGE_STANDARD = "gnu++0x";
				CLANG_CXX_LIBRARY = "libc++";
				CLANG_ENABLE_OBJC_ARC = YES;
				CLANG_WARN_CONSTANT_CONVERSION = YES;
				CLANG_WARN_EMPTY_BODY = YES;
				CLANG_WARN_ENUM_CONVERSION = YES;
				CLANG_WARN_INT_CONVERSION = YES;
				CLANG_WARN__DUPLICATE_METHOD_MATCH = YES;
				CODE_SIGN_IDENTITY = "iPhone Developer: Fehmi Toumi (3X7UK4WY8T)";
				"CODE_SIGN_IDENTITY[sdk=iphoneos*]" = "iPhone Developer: Fehmi Toumi (3X7UK4WY8T)";
				COPY_PHASE_STRIP = YES;
				GCC_C_LANGUAGE_STANDARD = gnu99;
				GCC_WARN_ABOUT_RETURN_TYPE = YES;
				GCC_WARN_UNINITIALIZED_AUTOS = YES;
				GCC_WARN_UNUSED_VARIABLE = YES;
				IPHONEOS_DEPLOYMENT_TARGET = 6.0;
				OTHER_CFLAGS = "-DNS_BLOCK_ASSERTIONS=1";
				PROVISIONING_PROFILE = "D2A9E6F3-6252-488D-96C8-EF2384E3416E";
				SDKROOT = iphoneos;
				VALIDATE_PRODUCT = YES;
			};
			name = Release;
		};
		F01A5A261716EF4D0000DD94 /* Debug */ = {
			isa = XCBuildConfiguration;
			buildSettings = {
				ASSETCATALOG_COMPILER_APPICON_NAME = AppIcon;
				ASSETCATALOG_COMPILER_LAUNCHIMAGE_NAME = LaunchImage;
				CODE_SIGN_IDENTITY = "iPhone Developer";
				"CODE_SIGN_IDENTITY[sdk=iphoneos*]" = "iPhone Developer";
				FRAMEWORK_SEARCH_PATHS = (
					"$(inherited)",
					"$(USER_LIBRARY_DIR)/Developer/Xcode/DerivedData/Catalog-biqgtrmasainnhgdsuceqqsvjxum/Build/Products/Debug-iphoneos",
					"$(USER_LIBRARY_DIR)/Developer/Xcode/DerivedData/Catalog-ccwtnmbrombouxhldgssuchqphjr/Build/Products/Debug-iphoneos",
				);
				GCC_PRECOMPILE_PREFIX_HEADER = YES;
				GCC_PREFIX_HEADER = "Catalog/Catalog-Prefix.pch";
				INFOPLIST_FILE = "Catalog/Catalog-Info.plist";
				IPHONEOS_DEPLOYMENT_TARGET = 11.1;
				LD_RUNPATH_SEARCH_PATHS = "$(inherited) @executable_path/Frameworks";
				PRODUCT_NAME = "Cobalt Catalog";
				PROVISIONING_PROFILE = "";
				TARGETED_DEVICE_FAMILY = "1,2";
				USER_HEADER_SEARCH_PATHS = "../HPNativeBridge/HPNativeBridge/**";
				WRAPPER_EXTENSION = app;
			};
			name = Debug;
		};
		F01A5A271716EF4D0000DD94 /* Release */ = {
			isa = XCBuildConfiguration;
			buildSettings = {
				ASSETCATALOG_COMPILER_APPICON_NAME = AppIcon;
				ASSETCATALOG_COMPILER_LAUNCHIMAGE_NAME = LaunchImage;
				CODE_SIGN_IDENTITY = "iPhone Developer";
				"CODE_SIGN_IDENTITY[sdk=iphoneos*]" = "iPhone Developer";
				FRAMEWORK_SEARCH_PATHS = (
					"$(inherited)",
					"$(USER_LIBRARY_DIR)/Developer/Xcode/DerivedData/Catalog-biqgtrmasainnhgdsuceqqsvjxum/Build/Products/Debug-iphoneos",
					"$(USER_LIBRARY_DIR)/Developer/Xcode/DerivedData/Catalog-ccwtnmbrombouxhldgssuchqphjr/Build/Products/Debug-iphoneos",
				);
				GCC_PRECOMPILE_PREFIX_HEADER = YES;
				GCC_PREFIX_HEADER = "Catalog/Catalog-Prefix.pch";
				INFOPLIST_FILE = "Catalog/Catalog-Info.plist";
				IPHONEOS_DEPLOYMENT_TARGET = 11.1;
				LD_RUNPATH_SEARCH_PATHS = "$(inherited) @executable_path/Frameworks";
				PRODUCT_NAME = "Cobalt Catalog";
				PROVISIONING_PROFILE = "";
				TARGETED_DEVICE_FAMILY = "1,2";
				USER_HEADER_SEARCH_PATHS = "../HPNativeBridge/HPNativeBridge/**";
				WRAPPER_EXTENSION = app;
			};
			name = Release;
		};
/* End XCBuildConfiguration section */

/* Begin XCConfigurationList section */
		F01A5A031716EF4C0000DD94 /* Build configuration list for PBXProject "Catalog" */ = {
			isa = XCConfigurationList;
			buildConfigurations = (
				F01A5A231716EF4D0000DD94 /* Debug */,
				F01A5A241716EF4D0000DD94 /* Release */,
			);
			defaultConfigurationIsVisible = 0;
			defaultConfigurationName = Release;
		};
		F01A5A251716EF4D0000DD94 /* Build configuration list for PBXNativeTarget "Catalog" */ = {
			isa = XCConfigurationList;
			buildConfigurations = (
				F01A5A261716EF4D0000DD94 /* Debug */,
				F01A5A271716EF4D0000DD94 /* Release */,
			);
			defaultConfigurationIsVisible = 0;
			defaultConfigurationName = Release;
		};
/* End XCConfigurationList section */
	};
	rootObject = F01A5A001716EF4C0000DD94 /* Project object */;
}
